{
  "name": "ifct2017-process",
  "version": "1.0.0",
  "lockfileVersion": 3,
  "requires": true,
  "packages": {
    "": {
      "name": "ifct2017-process",
      "version": "1.0.0",
      "license": "ISC",
      "dependencies": {
        "@ifct2017/pictures": "^2.0.6",
        "ifct2017": "^2.0.15"
      }
    },
    "node_modules/@ifct2017/abbreviations": {
      "version": "2.0.22",
      "resolved": "https://registry.npmjs.org/@ifct2017/abbreviations/-/abbreviations-2.0.22.tgz",
      "integrity": "sha512-e7IkeOqo6XjV93LU0jnXDLzCHisrc6EWVtDHVHt+VA69BdL8ldNj3oySGwLkZXKF+F4idlGRJuIxPGp9kPSiMg==",
      "dependencies": {
        "sql-extra": "^0.1.13"
      }
    },
    "node_modules/@ifct2017/about": {
      "version": "2.0.18",
      "resolved": "https://registry.npmjs.org/@ifct2017/about/-/about-2.0.18.tgz",
      "integrity": "sha512-wSZXC4blYQueFOUhqtbKNQKq8g3BemCglI+bP5mctOOdj5kTEgg6OR1PnowC5T5m5tUJ2QC+A/Xe7oHFyipvdg=="
    },
    "node_modules/@ifct2017/carbohydrates": {
      "version": "2.0.13",
      "resolved": "https://registry.npmjs.org/@ifct2017/carbohydrates/-/carbohydrates-2.0.13.tgz",
      "integrity": "sha512-s4wVM9H6oRrw/by8uZSuT0/a73SR9ngdhton2nYTaHvepsG3kIP7TD0uYhl9I7cPtfkhaMtarhWbHttfKoMgQQ==",
      "dependencies": {
        "lunr": "^2.3.9",
        "sql-extra": "^0.1.13"
      }
    },
    "node_modules/@ifct2017/codes": {
      "version": "2.0.8",
      "resolved": "https://registry.npmjs.org/@ifct2017/codes/-/codes-2.0.8.tgz",
      "integrity": "sha512-/n6XmqAHuGQ97iym20zydaMBV3xw8eYI82oUldFzwYrNE1O9jya8zJibfJpvEzjlS2YCXZQ4nY7VwLzM1rvc8g==",
      "dependencies": {
        "csv-parse": "^5.3.0",
        "lunr": "^2.3.9",
        "sql-extra": "^0.1.13"
      }
    },
    "node_modules/@ifct2017/columns": {
      "version": "2.0.13",
      "resolved": "https://registry.npmjs.org/@ifct2017/columns/-/columns-2.0.13.tgz",
      "integrity": "sha512-59J9wJlnfm77BUTitVIqFy7UE+qGRwIyjGD061VWHNok4vkQsJGcPydRs6FVBNANhWV8QMnKR3fHSHcyemEIzw==",
      "dependencies": {
        "lunr": "^2.3.9",
        "sql-extra": "^0.1.13"
      }
    },
    "node_modules/@ifct2017/compositingcentres": {
      "version": "2.0.14",
      "resolved": "https://registry.npmjs.org/@ifct2017/compositingcentres/-/compositingcentres-2.0.14.tgz",
      "integrity": "sha512-KrFn77ZMu/LF2doPgYXOxK0G8J42ZnP33AEdRSdVl0Yt6/TNtlgxukWARYiYkkvhikSNJ7VdUIU3Dj+JFY0TDQ==",
      "dependencies": {
        "lunr": "^2.3.9",
        "sql-extra": "^0.1.13"
      }
    },
    "node_modules/@ifct2017/compositions": {
      "version": "2.0.9",
      "resolved": "https://registry.npmjs.org/@ifct2017/compositions/-/compositions-2.0.9.tgz",
      "integrity": "sha512-ir8tb2r9k8OWAOWBDiljLuB5MD6dy4/ct+kLuNgyRGqH0PVpI+totq+NCkvP7+gX12O3qp0uPPbuHGzwgN2uLA==",
      "dependencies": {
        "csv-parse": "^5.3.0",
        "lunr": "^2.3.9",
        "sql-extra": "^0.1.13"
      }
    },
    "node_modules/@ifct2017/contents": {
      "version": "2.0.27",
      "resolved": "https://registry.npmjs.org/@ifct2017/contents/-/contents-2.0.27.tgz",
      "integrity": "sha512-3BYI8+WIsreiUEwAwFFP3U8Ssq0Mzv+KLdrtFVJwR4B0BWh2ySR1TfZbyyvq7x7wAU/I8fCdxfZN7yTvnZDx/Q==",
      "dependencies": {
        "lunr": "^2.3.9",
        "sql-extra": "^0.1.13"
      }
    },
    "node_modules/@ifct2017/descriptions": {
      "version": "2.0.7",
      "resolved": "https://registry.npmjs.org/@ifct2017/descriptions/-/descriptions-2.0.7.tgz",
      "integrity": "sha512-k80WINVZOL8YXgHI9HM8jNurU8sAe4cozWx/noR60j3gSDUfC7H0ocs0HPmEr8AtLhcwj508rAfgodUFzhzl5A==",
      "dependencies": {
        "csv-parse": "^5.3.0",
        "lunr": "^2.3.9",
        "sql-extra": "^0.1.13"
      }
    },
    "node_modules/@ifct2017/energies": {
      "version": "2.0.12",
      "resolved": "https://registry.npmjs.org/@ifct2017/energies/-/energies-2.0.12.tgz",
      "integrity": "sha512-VaHw80WHs6FZei8kY1sI1ryPLapaz832uOTY4uCB8AayDEd4u6F7344HqA2r3V/cRmpltW+GUzTLPkVjuLBjQw==",
      "dependencies": {
        "lunr": "2.3",
        "sql-extra": "0.1"
      }
    },
    "node_modules/@ifct2017/frequencydistribution": {
      "version": "2.0.15",
      "resolved": "https://registry.npmjs.org/@ifct2017/frequencydistribution/-/frequencydistribution-2.0.15.tgz",
      "integrity": "sha512-LzRQ1iIk2Wt5Gz0Cen/VJapm3j661AAMiD4rmxPm2LxWkSCLu6h6Qit89RxDQ79mpCQB/CyJ/SpHtJyTDHmEOw==",
      "dependencies": {
        "sql-extra": "^0.1.13"
      }
    },
    "node_modules/@ifct2017/groups": {
      "version": "2.0.12",
      "resolved": "https://registry.npmjs.org/@ifct2017/groups/-/groups-2.0.12.tgz",
      "integrity": "sha512-RbEAMUAfLngcmPFmdw5s8hh8FAsLY7Ac6LJ8cWM5/nmOiahu3JJ+P75JlSJDsrX2GxZiC09fR7bBxTjWSDIl4g==",
      "dependencies": {
        "lunr": "^2.3.9",
        "sql-extra": "^0.1.13"
      }
    },
    "node_modules/@ifct2017/hierarchy": {
      "version": "2.0.9",
      "resolved": "https://registry.npmjs.org/@ifct2017/hierarchy/-/hierarchy-2.0.9.tgz",
      "integrity": "sha512-bLH/JopDPeagzjWclWLVBUOCBykox1/xHedV4RH9Bimy/5T0+bOZCul1tTq//3TvP7zqyeWImT1j8kTe7WXTTw==",
      "dependencies": {
        "@ifct2017/columns": "^2.0.13",
        "sql-extra": "^0.1.13"
      }
    },
    "node_modules/@ifct2017/intakes": {
      "version": "2.0.9",
      "resolved": "https://registry.npmjs.org/@ifct2017/intakes/-/intakes-2.0.9.tgz",
      "integrity": "sha512-i8KzWxcE+4FgSKkkjyq9ljv3t66RTU5766tVGjH34XwKmmpLoZ7tFRy6/h9RXttXYE6NDv8gY79/E0oqndP5Ow==",
      "dependencies": {
        "@ifct2017/columns": "^2.0.12",
        "sql-extra": "^0.1.13"
      }
    },
    "node_modules/@ifct2017/jonesfactors": {
      "version": "2.0.11",
      "resolved": "https://registry.npmjs.org/@ifct2017/jonesfactors/-/jonesfactors-2.0.11.tgz",
      "integrity": "sha512-oCHnyhBJbeTogBW8JCB/RXibs+Lb1/jwedDHNUslv4JfkgGPMvy3G+tCWvdkfARkZsPxuODwaAMt6zNc9Uu3sg==",
      "dependencies": {
        "lunr": "^2.3.9",
        "sql-extra": "^0.1.13"
      }
    },
    "node_modules/@ifct2017/languages": {
      "version": "2.0.12",
      "resolved": "https://registry.npmjs.org/@ifct2017/languages/-/languages-2.0.12.tgz",
      "integrity": "sha512-nIa5JPH4WMblwlSBH4oREf+R4rNxB3gRq3J2anIEKh304SG7ro6o09xqaOw6eRZ0bJODZ+F0mEZWtcg5kqV5PA==",
      "dependencies": {
        "sql-extra": "^0.1.13"
      }
    },
    "node_modules/@ifct2017/methods": {
      "version": "2.0.11",
      "resolved": "https://registry.npmjs.org/@ifct2017/methods/-/methods-2.0.11.tgz",
      "integrity": "sha512-zOffAlMktaZYgLwSRtTYnCLeA5Sht7A1Rq4uyUe3rhgnb1T+hVYm03cbS5HmrjcG4/RDPe2Uq7wKL4Ytq/1lTA==",
      "dependencies": {
        "@ifct2017/columns": "^2.0.13",
        "sql-extra": "^0.1.13"
      }
    },
    "node_modules/@ifct2017/nutrients": {
      "version": "2.0.8",
      "resolved": "https://registry.npmjs.org/@ifct2017/nutrients/-/nutrients-2.0.8.tgz",
      "integrity": "sha512-JEe0otqVOejCe4gVBxpVWA1mXBc77pZXwzTp9UppZiPbDQJIcvBp+Y6AtudbkdAkRyppwMLbjuVjZJPAq4u4kA==",
      "dependencies": {
        "@ifct2017/columns": "^2.0.13"
      }
    },
    "node_modules/@ifct2017/pictures": {
      "version": "2.0.6",
      "resolved": "https://registry.npmjs.org/@ifct2017/pictures/-/pictures-2.0.6.tgz",
      "integrity": "sha512-L1WQM2hILirF0FJADCMJ1wyzPM32/28KTArjO2N2xOLvfjJ2jLNqK67Ro0O2Pqvn/oQYftj5rqeYH4m5sqCy4Q=="
    },
    "node_modules/@ifct2017/regions": {
      "version": "2.0.12",
      "resolved": "https://registry.npmjs.org/@ifct2017/regions/-/regions-2.0.12.tgz",
      "integrity": "sha512-LbRuWzmxnigdu6IQB2D/z1PPXUrtmQzdWnxZoIm7Jp+gaeRsNSJxBSyrqhy0VjwsTk5hp8uYuSW11+vGgJxzXQ==",
      "dependencies": {
        "lunr": "^2.3.9",
        "sql-extra": "^0.1.13"
      }
    },
    "node_modules/@ifct2017/representations": {
      "version": "2.0.11",
      "resolved": "https://registry.npmjs.org/@ifct2017/representations/-/representations-2.0.11.tgz",
      "integrity": "sha512-UCOmhgtql2cfcuhMuxElQduJucwr55CRxDZnZ/LLDsbdbfHqQ/PgXKcAIZuUhjitM5zYVIiQae8F9/Aa05xuTg==",
      "dependencies": {
        "@ifct2017/columns": "^2.0.13",
        "sql-extra": "^0.1.13"
      }
    },
    "node_modules/@ifct2017/samplingunits": {
      "version": "2.0.14",
      "resolved": "https://registry.npmjs.org/@ifct2017/samplingunits/-/samplingunits-2.0.14.tgz",
      "integrity": "sha512-meM34LNJZmNswn/DRiM5fH5vPP5wp4X0+cLEgpuNL99vLGzLrgh9fXz+6wnXxbemSHEZfcAlpgIBpuK9EkR1XA==",
      "dependencies": {
        "lunr": "^2.3.9",
        "sql-extra": "^0.1.13"
      }
    },
    "node_modules/csv-parse": {
      "version": "5.3.10",
      "resolved": "https://registry.npmjs.org/csv-parse/-/csv-parse-5.3.10.tgz",
      "integrity": "sha512-cTXY6iy0gN5Ha/cGILeDgQE+nKiKDU2m0DjSRdJhr86BN3cM7oefBsTk2aH0LQeaYtL7Z7HvW+jYoadmdhzeDA=="
    },
    "node_modules/ifct2017": {
      "version": "2.0.15",
      "resolved": "https://registry.npmjs.org/ifct2017/-/ifct2017-2.0.15.tgz",
      "integrity": "sha512-UPZkdYdzCHjsFsN34hRX8jxkFiyNUZKFMKtcG7JCXlZfX8SMRMDWLTH74RI/9QFU1n3SdK6pN8PbbUoROptEsQ==",
      "dependencies": {
        "@ifct2017/abbreviations": "^2.0.22",
        "@ifct2017/about": "^2.0.18",
        "@ifct2017/carbohydrates": "^2.0.13",
        "@ifct2017/codes": "^2.0.8",
        "@ifct2017/columns": "^2.0.13",
        "@ifct2017/compositingcentres": "^2.0.14",
        "@ifct2017/compositions": "^2.0.8",
        "@ifct2017/contents": "^2.0.27",
        "@ifct2017/descriptions": "^2.0.7",
        "@ifct2017/energies": "^2.0.12",
        "@ifct2017/frequencydistribution": "^2.0.15",
        "@ifct2017/groups": "^2.0.12",
        "@ifct2017/hierarchy": "^2.0.9",
        "@ifct2017/intakes": "^2.0.9",
        "@ifct2017/jonesfactors": "^2.0.11",
        "@ifct2017/languages": "^2.0.12",
        "@ifct2017/methods": "^2.0.11",
        "@ifct2017/nutrients": "^2.0.8",
        "@ifct2017/regions": "^2.0.12",
        "@ifct2017/representations": "^2.0.11",
        "@ifct2017/samplingunits": "^2.0.14"
      }
    },
    "node_modules/lunr": {
      "version": "2.3.9",
      "resolved": "https://registry.npmjs.org/lunr/-/lunr-2.3.9.tgz",
      "integrity": "sha512-zTU3DaZaF3Rt9rhN3uBMGQD3dD2/vFQqnvZCDv4dl5iOzq2IZQqTxu90r4E5J+nP70J3ilqVCrbho2eWaeW8Ow=="
    },
    "node_modules/sql-extra": {
      "version": "0.1.13",
      "resolved": "https://registry.npmjs.org/sql-extra/-/sql-extra-0.1.13.tgz",
      "integrity": "sha512-TRuGNJPX7gMdNZFLkUZADtK7Lmqq1zeXf+56Mkj7XP8xCqm+jcFE80B94BsGXVNkdIexOPhHgwqI2kLRhbhSFg=="
    }
  }
}
